// !$*UTF8*$!
{
	archiveVersion = 1;
	classes = {
	};
	objectVersion = 51;
	objects = {

/* Begin PBXBuildFile section */
		09511A30F85614268BE7ED28 /* NewsListView.swift in Sources */ = {isa = PBXBuildFile; fileRef = AC6D50FA14544F1DB6321FC0 /* NewsListView.swift */; };
		1329B38B9887522A2E285E6B /* Pods_News.framework in Frameworks */ = {isa = PBXBuildFile; fileRef = 1C8161F69E38E87B0FD0EDD3 /* Pods_News.framework */; };
		1BBC14D316FB15B30C7C32F4 /* DI.swift in Sources */ = {isa = PBXBuildFile; fileRef = CE6AAC9FFEBC5F2A8C38F87C /* DI.swift */; };
		1E82D2C8DB1AB844CB15CA41 /* ApiEndpoint.swift in Sources */ = {isa = PBXBuildFile; fileRef = 077B17C4E4C93EDE1557D4FD /* ApiEndpoint.swift */; };
		1FF0B376906B130F2BEB4538 /* NewsCategoriesPresenter.swift in Sources */ = {isa = PBXBuildFile; fileRef = A686CCD60C2A627E186246C9 /* NewsCategoriesPresenter.swift */; };
		250F1079B56D684824EF0099 /* Requests.swift in Sources */ = {isa = PBXBuildFile; fileRef = B64E9FBA8DA85E3B8DE2EF8D /* Requests.swift */; };
		2B827915E09C5792B255507B /* NewsDetailRouter.swift in Sources */ = {isa = PBXBuildFile; fileRef = B8A49BA9F6EB9F23D7C12034 /* NewsDetailRouter.swift */; };
		2F951370435C4C65ABCA02B9 /* ExtendedApiRequest.swift in Sources */ = {isa = PBXBuildFile; fileRef = 646CDDD83897D90D33FD94A5 /* ExtendedApiRequest.swift */; };
		325B7A7FF2589566A61F150D /* ApiBaseGateway.swift in Sources */ = {isa = PBXBuildFile; fileRef = 49E2B1B07E5F43476246A00C /* ApiBaseGateway.swift */; };
		36610D52A3A93D7BB083D300 /* ApiNewsGateway.swift in Sources */ = {isa = PBXBuildFile; fileRef = 510DC2D97E6438E3A325AF0C /* ApiNewsGateway.swift */; };
		375CDBE71584C044FEC6E642 /* NewsUseCase.swift in Sources */ = {isa = PBXBuildFile; fileRef = D7549A5D6AE483B6A1F39C10 /* NewsUseCase.swift */; };
		4DC4E5BE115443788191E938 /* SceneDelegate.swift in Sources */ = {isa = PBXBuildFile; fileRef = 092CC891E29773BA550EDB7D /* SceneDelegate.swift */; };
		58A737B67F7B037663B38D4A /* NewsCategoryEntity.swift in Sources */ = {isa = PBXBuildFile; fileRef = 380FFC0750531C9CB6AE551D /* NewsCategoryEntity.swift */; };
		59D97FAB01449DA6D8836D2C /* CategoryCell.swift in Sources */ = {isa = PBXBuildFile; fileRef = B4A5B1918DDB997592B1F01F /* CategoryCell.swift */; };
		5C8A92228DE1B60838E63374 /* Config.swift in Sources */ = {isa = PBXBuildFile; fileRef = 8AB818D19B391DDFF66548C6 /* Config.swift */; };
		648E7A4C7EBF063E240E23C6 /* NewsDetailPresenterImp.swift in Sources */ = {isa = PBXBuildFile; fileRef = 7D9B988E3233827711F56CA6 /* NewsDetailPresenterImp.swift */; };
		68FABA59BC8515A3C77CFAB4 /* NewsList.storyboard in Resources */ = {isa = PBXBuildFile; fileRef = A75C8F82FBAA0283ECCEBED0 /* NewsList.storyboard */; };
		71C2A6C51E34FA0360B76CFC /* Assets.xcassets in Resources */ = {isa = PBXBuildFile; fileRef = 25B4BED2D6B389122760A3C7 /* Assets.xcassets */; };
		8140B96D03EF22BD86EE6696 /* NewsCategoriesPresenterImp.swift in Sources */ = {isa = PBXBuildFile; fileRef = D5532C8EA759250B69F539A5 /* NewsCategoriesPresenterImp.swift */; };
		8486E231272765A58AF0A93C /* NewsDetailPresenter.swift in Sources */ = {isa = PBXBuildFile; fileRef = 5366B0D59F7534E87C228EAF /* NewsDetailPresenter.swift */; };
		8797164F53F96E38F56B39A2 /* NewsListCell.swift in Sources */ = {isa = PBXBuildFile; fileRef = 451B5D98E2E4F7D5EE771900 /* NewsListCell.swift */; };
		97ED7611E1FF9FCBBB4E29B2 /* NewsCategoriesView.swift in Sources */ = {isa = PBXBuildFile; fileRef = A8AC549868FC7B9517E9C701 /* NewsCategoriesView.swift */; };
		9DE9BD81464ADE92E18BA940 /* NewsDetailConfigurator.swift in Sources */ = {isa = PBXBuildFile; fileRef = 6C238636F9FE17A9616928B5 /* NewsDetailConfigurator.swift */; };
		A6B2974ED9B09FD94BE2C8B5 /* NewsShortInfoEntity.swift in Sources */ = {isa = PBXBuildFile; fileRef = A7C2A08389E314DCD6DCBC30 /* NewsShortInfoEntity.swift */; };
		ABD0BB5C3826D31E85E1B830 /* PaginationEntity.swift in Sources */ = {isa = PBXBuildFile; fileRef = 138CD0F94A2FC73B9A955681 /* PaginationEntity.swift */; };
		AF510CF83E602CA063E19541 /* NewsCategoriesRouter.swift in Sources */ = {isa = PBXBuildFile; fileRef = CD746FA7439D3A6BC81A09FB /* NewsCategoriesRouter.swift */; };
		B142CE381430EC90D65C7272 /* BaseView.swift in Sources */ = {isa = PBXBuildFile; fileRef = A7B1031828ECAE0FA2FD4105 /* BaseView.swift */; };
		B1501A2F53EAC2828489799D /* R.generated.swift in Sources */ = {isa = PBXBuildFile; fileRef = 8D036CFD7ED7B16D378E4973 /* R.generated.swift */; };
		B538B413159B5D62DAD99CB6 /* NewsDetailInfoEntity.swift in Sources */ = {isa = PBXBuildFile; fileRef = 5DF9562CCD675CCC585BA45F /* NewsDetailInfoEntity.swift */; };
		B6EBE522CED7EC4EA49C7F73 /* NewsCategories.storyboard in Resources */ = {isa = PBXBuildFile; fileRef = 7EB4AF82038BA138749BBB5C /* NewsCategories.storyboard */; };
		B7B94914326505B758925A54 /* NewsDetail.storyboard in Resources */ = {isa = PBXBuildFile; fileRef = 7B16FA7F04950522C7D3401D /* NewsDetail.storyboard */; };
		B90DFC0427A4AF5021CC60CB /* NewsListPresenterImp.swift in Sources */ = {isa = PBXBuildFile; fileRef = 7598247D078D05E084AA01B5 /* NewsListPresenterImp.swift */; };
		B998633F13142A119F44447C /* DateFormatterUtils.swift in Sources */ = {isa = PBXBuildFile; fileRef = F4F7BBA9AC49BBB27BDFFD14 /* DateFormatterUtils.swift */; };
		BDF263817BFB0019EECD40E0 /* NewsListRouter.swift in Sources */ = {isa = PBXBuildFile; fileRef = 185E58968C1C267308DCFB8C /* NewsListRouter.swift */; };
		C06389B18999770B9FC2F059 /* NewsCategoriesConfigurator.swift in Sources */ = {isa = PBXBuildFile; fileRef = 4B817D139D003360190AF37D /* NewsCategoriesConfigurator.swift */; };
		C554E91F11FA2D7347A4C1BC /* AppDelegate.swift in Sources */ = {isa = PBXBuildFile; fileRef = 2AFB55681C745D63A8713FAE /* AppDelegate.swift */; };
		CFE2B5D6FC36E6FE186512D3 /* NewsListPresenter.swift in Sources */ = {isa = PBXBuildFile; fileRef = 59F2E6C9B18860E500FAF2C4 /* NewsListPresenter.swift */; };
		D065055F10CC42C90B4137D6 /* NewsGateway.swift in Sources */ = {isa = PBXBuildFile; fileRef = 8E94F3BBEFBB4B06979F0229 /* NewsGateway.swift */; };
		D7AA71752BA18D3B0BF39323 /* LaunchScreen.storyboard in Resources */ = {isa = PBXBuildFile; fileRef = E19847CC0C7E5A2E21459831 /* LaunchScreen.storyboard */; };
		DC5C0F1B7AD230F9115025DC /* NewsDetailViewController.swift in Sources */ = {isa = PBXBuildFile; fileRef = 223376C906538F4F7E11FE40 /* NewsDetailViewController.swift */; };
		DCFA1FFDDD602B5CDD19B6AC /* StringUtils.swift in Sources */ = {isa = PBXBuildFile; fileRef = B4B504572C670C1C66853308 /* StringUtils.swift */; };
		E771AF741327649E4C6FDA91 /* NewsDetailView.swift in Sources */ = {isa = PBXBuildFile; fileRef = BF1BE4D3D8CDFB6F15487F0A /* NewsDetailView.swift */; };
		EAF575BB93F9042473C08DED /* NewsListViewController.swift in Sources */ = {isa = PBXBuildFile; fileRef = FA27E5B3819607FAD066526D /* NewsListViewController.swift */; };
		F200FFDC280695F008945502 /* NewsListConfigurator.swift in Sources */ = {isa = PBXBuildFile; fileRef = 9010AD484F992F9462518F20 /* NewsListConfigurator.swift */; };
		FFEC007A75FDD8533473967B /* NewsCategoriesViewController.swift in Sources */ = {isa = PBXBuildFile; fileRef = C45FC968F9AF1630D4CAF2EF /* NewsCategoriesViewController.swift */; };
/* End PBXBuildFile section */

/* Begin PBXFileReference section */
		077B17C4E4C93EDE1557D4FD /* ApiEndpoint.swift */ = {isa = PBXFileReference; lastKnownFileType = sourcecode.swift; path = ApiEndpoint.swift; sourceTree = "<group>"; };
		092CC891E29773BA550EDB7D /* SceneDelegate.swift */ = {isa = PBXFileReference; lastKnownFileType = sourcecode.swift; path = SceneDelegate.swift; sourceTree = "<group>"; };
		0A99CC1E390B84A55D0E7B83 /* Info.plist */ = {isa = PBXFileReference; lastKnownFileType = text.plist; path = Info.plist; sourceTree = "<group>"; };
		138CD0F94A2FC73B9A955681 /* PaginationEntity.swift */ = {isa = PBXFileReference; lastKnownFileType = sourcecode.swift; path = PaginationEntity.swift; sourceTree = "<group>"; };
		185E58968C1C267308DCFB8C /* NewsListRouter.swift */ = {isa = PBXFileReference; lastKnownFileType = sourcecode.swift; path = NewsListRouter.swift; sourceTree = "<group>"; };
		1C8161F69E38E87B0FD0EDD3 /* Pods_News.framework */ = {isa = PBXFileReference; explicitFileType = wrapper.framework; includeInIndex = 0; path = Pods_News.framework; sourceTree = BUILT_PRODUCTS_DIR; };
		1DE6D168310ED3D7241E20A5 /* Pods-News.debug.xcconfig */ = {isa = PBXFileReference; includeInIndex = 1; lastKnownFileType = text.xcconfig; name = "Pods-News.debug.xcconfig"; path = "Target Support Files/Pods-News/Pods-News.debug.xcconfig"; sourceTree = "<group>"; };
		223376C906538F4F7E11FE40 /* NewsDetailViewController.swift */ = {isa = PBXFileReference; lastKnownFileType = sourcecode.swift; path = NewsDetailViewController.swift; sourceTree = "<group>"; };
		25B4BED2D6B389122760A3C7 /* Assets.xcassets */ = {isa = PBXFileReference; lastKnownFileType = folder.assetcatalog; path = Assets.xcassets; sourceTree = "<group>"; };
		2AFB55681C745D63A8713FAE /* AppDelegate.swift */ = {isa = PBXFileReference; lastKnownFileType = sourcecode.swift; path = AppDelegate.swift; sourceTree = "<group>"; };
		380FFC0750531C9CB6AE551D /* NewsCategoryEntity.swift */ = {isa = PBXFileReference; lastKnownFileType = sourcecode.swift; path = NewsCategoryEntity.swift; sourceTree = "<group>"; };
		451B5D98E2E4F7D5EE771900 /* NewsListCell.swift */ = {isa = PBXFileReference; lastKnownFileType = sourcecode.swift; path = NewsListCell.swift; sourceTree = "<group>"; };
		4544AC45A7F3F82AE603828E /* Base */ = {isa = PBXFileReference; lastKnownFileType = file.storyboard; name = Base; path = Base.lproj/NewsCategories.storyboard; sourceTree = "<group>"; };
		49E2B1B07E5F43476246A00C /* ApiBaseGateway.swift */ = {isa = PBXFileReference; lastKnownFileType = sourcecode.swift; path = ApiBaseGateway.swift; sourceTree = "<group>"; };
		4B817D139D003360190AF37D /* NewsCategoriesConfigurator.swift */ = {isa = PBXFileReference; lastKnownFileType = sourcecode.swift; path = NewsCategoriesConfigurator.swift; sourceTree = "<group>"; };
		510DC2D97E6438E3A325AF0C /* ApiNewsGateway.swift */ = {isa = PBXFileReference; lastKnownFileType = sourcecode.swift; path = ApiNewsGateway.swift; sourceTree = "<group>"; };
		5366B0D59F7534E87C228EAF /* NewsDetailPresenter.swift */ = {isa = PBXFileReference; lastKnownFileType = sourcecode.swift; path = NewsDetailPresenter.swift; sourceTree = "<group>"; };
		59F2E6C9B18860E500FAF2C4 /* NewsListPresenter.swift */ = {isa = PBXFileReference; lastKnownFileType = sourcecode.swift; path = NewsListPresenter.swift; sourceTree = "<group>"; };
		5DF9562CCD675CCC585BA45F /* NewsDetailInfoEntity.swift */ = {isa = PBXFileReference; lastKnownFileType = sourcecode.swift; path = NewsDetailInfoEntity.swift; sourceTree = "<group>"; };
		646CDDD83897D90D33FD94A5 /* ExtendedApiRequest.swift */ = {isa = PBXFileReference; lastKnownFileType = sourcecode.swift; path = ExtendedApiRequest.swift; sourceTree = "<group>"; };
		6C238636F9FE17A9616928B5 /* NewsDetailConfigurator.swift */ = {isa = PBXFileReference; lastKnownFileType = sourcecode.swift; path = NewsDetailConfigurator.swift; sourceTree = "<group>"; };
		7598247D078D05E084AA01B5 /* NewsListPresenterImp.swift */ = {isa = PBXFileReference; lastKnownFileType = sourcecode.swift; path = NewsListPresenterImp.swift; sourceTree = "<group>"; };
		7B16FA7F04950522C7D3401D /* NewsDetail.storyboard */ = {isa = PBXFileReference; lastKnownFileType = file.storyboard; path = NewsDetail.storyboard; sourceTree = "<group>"; };
		7C258F15EB7F3531A72F292B /* News.app */ = {isa = PBXFileReference; includeInIndex = 0; lastKnownFileType = wrapper.application; path = News.app; sourceTree = BUILT_PRODUCTS_DIR; };
		7D9B988E3233827711F56CA6 /* NewsDetailPresenterImp.swift */ = {isa = PBXFileReference; lastKnownFileType = sourcecode.swift; path = NewsDetailPresenterImp.swift; sourceTree = "<group>"; };
		8AB818D19B391DDFF66548C6 /* Config.swift */ = {isa = PBXFileReference; lastKnownFileType = sourcecode.swift; path = Config.swift; sourceTree = "<group>"; };
		8D036CFD7ED7B16D378E4973 /* R.generated.swift */ = {isa = PBXFileReference; lastKnownFileType = sourcecode.swift; path = R.generated.swift; sourceTree = "<group>"; };
		8E94F3BBEFBB4B06979F0229 /* NewsGateway.swift */ = {isa = PBXFileReference; lastKnownFileType = sourcecode.swift; path = NewsGateway.swift; sourceTree = "<group>"; };
		9010AD484F992F9462518F20 /* NewsListConfigurator.swift */ = {isa = PBXFileReference; lastKnownFileType = sourcecode.swift; path = NewsListConfigurator.swift; sourceTree = "<group>"; };
		9B3D9930DD714F4F624A2C43 /* Base */ = {isa = PBXFileReference; lastKnownFileType = file.storyboard; name = Base; path = Base.lproj/LaunchScreen.storyboard; sourceTree = "<group>"; };
		A686CCD60C2A627E186246C9 /* NewsCategoriesPresenter.swift */ = {isa = PBXFileReference; lastKnownFileType = sourcecode.swift; path = NewsCategoriesPresenter.swift; sourceTree = "<group>"; };
		A75C8F82FBAA0283ECCEBED0 /* NewsList.storyboard */ = {isa = PBXFileReference; lastKnownFileType = file.storyboard; path = NewsList.storyboard; sourceTree = "<group>"; };
		A7B1031828ECAE0FA2FD4105 /* BaseView.swift */ = {isa = PBXFileReference; lastKnownFileType = sourcecode.swift; path = BaseView.swift; sourceTree = "<group>"; };
		A7C2A08389E314DCD6DCBC30 /* NewsShortInfoEntity.swift */ = {isa = PBXFileReference; lastKnownFileType = sourcecode.swift; path = NewsShortInfoEntity.swift; sourceTree = "<group>"; };
		A8AC549868FC7B9517E9C701 /* NewsCategoriesView.swift */ = {isa = PBXFileReference; lastKnownFileType = sourcecode.swift; path = NewsCategoriesView.swift; sourceTree = "<group>"; };
		AC6D50FA14544F1DB6321FC0 /* NewsListView.swift */ = {isa = PBXFileReference; lastKnownFileType = sourcecode.swift; path = NewsListView.swift; sourceTree = "<group>"; };
		B4A5B1918DDB997592B1F01F /* CategoryCell.swift */ = {isa = PBXFileReference; lastKnownFileType = sourcecode.swift; path = CategoryCell.swift; sourceTree = "<group>"; };
		B4B504572C670C1C66853308 /* StringUtils.swift */ = {isa = PBXFileReference; lastKnownFileType = sourcecode.swift; path = StringUtils.swift; sourceTree = "<group>"; };
		B64E9FBA8DA85E3B8DE2EF8D /* Requests.swift */ = {isa = PBXFileReference; lastKnownFileType = sourcecode.swift; path = Requests.swift; sourceTree = "<group>"; };
		B8A49BA9F6EB9F23D7C12034 /* NewsDetailRouter.swift */ = {isa = PBXFileReference; lastKnownFileType = sourcecode.swift; path = NewsDetailRouter.swift; sourceTree = "<group>"; };
		BA830545A34732082FB4F6E8 /* Pods-News.release.xcconfig */ = {isa = PBXFileReference; includeInIndex = 1; lastKnownFileType = text.xcconfig; name = "Pods-News.release.xcconfig"; path = "Target Support Files/Pods-News/Pods-News.release.xcconfig"; sourceTree = "<group>"; };
		BF1BE4D3D8CDFB6F15487F0A /* NewsDetailView.swift */ = {isa = PBXFileReference; lastKnownFileType = sourcecode.swift; path = NewsDetailView.swift; sourceTree = "<group>"; };
		C45FC968F9AF1630D4CAF2EF /* NewsCategoriesViewController.swift */ = {isa = PBXFileReference; lastKnownFileType = sourcecode.swift; path = NewsCategoriesViewController.swift; sourceTree = "<group>"; };
		CD746FA7439D3A6BC81A09FB /* NewsCategoriesRouter.swift */ = {isa = PBXFileReference; lastKnownFileType = sourcecode.swift; path = NewsCategoriesRouter.swift; sourceTree = "<group>"; };
		CE6AAC9FFEBC5F2A8C38F87C /* DI.swift */ = {isa = PBXFileReference; lastKnownFileType = sourcecode.swift; path = DI.swift; sourceTree = "<group>"; };
		D5532C8EA759250B69F539A5 /* NewsCategoriesPresenterImp.swift */ = {isa = PBXFileReference; lastKnownFileType = sourcecode.swift; path = NewsCategoriesPresenterImp.swift; sourceTree = "<group>"; };
		D7549A5D6AE483B6A1F39C10 /* NewsUseCase.swift */ = {isa = PBXFileReference; lastKnownFileType = sourcecode.swift; path = NewsUseCase.swift; sourceTree = "<group>"; };
		F4F7BBA9AC49BBB27BDFFD14 /* DateFormatterUtils.swift */ = {isa = PBXFileReference; lastKnownFileType = sourcecode.swift; path = DateFormatterUtils.swift; sourceTree = "<group>"; };
		FA27E5B3819607FAD066526D /* NewsListViewController.swift */ = {isa = PBXFileReference; lastKnownFileType = sourcecode.swift; path = NewsListViewController.swift; sourceTree = "<group>"; };
/* End PBXFileReference section */

/* Begin PBXFrameworksBuildPhase section */
		505BC226462C93682650DD8B /* Frameworks */ = {
			isa = PBXFrameworksBuildPhase;
			buildActionMask = 2147483647;
			files = (
				1329B38B9887522A2E285E6B /* Pods_News.framework in Frameworks */,
			);
			runOnlyForDeploymentPostprocessing = 0;
		};
/* End PBXFrameworksBuildPhase section */

/* Begin PBXGroup section */
		08BB5725B95426F4D6633C5A /* Utils */ = {
			isa = PBXGroup;
			children = (
				F4F7BBA9AC49BBB27BDFFD14 /* DateFormatterUtils.swift */,
				B4B504572C670C1C66853308 /* StringUtils.swift */,
			);
			path = Utils;
			sourceTree = "<group>";
		};
		0E4E5A4DEF24399382EA141B /* Base */ = {
			isa = PBXGroup;
			children = (
				A7B1031828ECAE0FA2FD4105 /* BaseView.swift */,
			);
			path = Base;
			sourceTree = "<group>";
		};
		1769B0FB672641B8CC01CE2C /* AppDelegate */ = {
			isa = PBXGroup;
			children = (
				2AFB55681C745D63A8713FAE /* AppDelegate.swift */,
				092CC891E29773BA550EDB7D /* SceneDelegate.swift */,
			);
			path = AppDelegate;
			sourceTree = "<group>";
		};
		2DE780C407778AF835B4FD33 /* Scenes */ = {
			isa = PBXGroup;
			children = (
				0E4E5A4DEF24399382EA141B /* Base */,
				FE41D552F500D4C1285D56C3 /* NewsCategories */,
				DDB242D9F33A86398BD6BB73 /* NewsDetails */,
				51C1D478864AD842EFC6C23D /* NewsList */,
			);
			path = Scenes;
			sourceTree = "<group>";
		};
		51C1D478864AD842EFC6C23D /* NewsList */ = {
			isa = PBXGroup;
			children = (
				A906877E2521AF83EED54AB3 /* Protocols */,
				A75C8F82FBAA0283ECCEBED0 /* NewsList.storyboard */,
				451B5D98E2E4F7D5EE771900 /* NewsListCell.swift */,
				9010AD484F992F9462518F20 /* NewsListConfigurator.swift */,
				7598247D078D05E084AA01B5 /* NewsListPresenterImp.swift */,
				185E58968C1C267308DCFB8C /* NewsListRouter.swift */,
				FA27E5B3819607FAD066526D /* NewsListViewController.swift */,
			);
			path = NewsList;
			sourceTree = "<group>";
		};
		56EE325F55A61A667A926CE3 /* News1 */ = {
			isa = PBXGroup;
			children = (
				AA854BC2810F9FB323BC18FE /* Src */,
				25B4BED2D6B389122760A3C7 /* Assets.xcassets */,
				0A99CC1E390B84A55D0E7B83 /* Info.plist */,
				E19847CC0C7E5A2E21459831 /* LaunchScreen.storyboard */,
				8D036CFD7ED7B16D378E4973 /* R.generated.swift */,
			);
			path = News1;
			sourceTree = "<group>";
		};
		807C8006D61AB51CDF349685 /* Protocols */ = {
			isa = PBXGroup;
			children = (
				A686CCD60C2A627E186246C9 /* NewsCategoriesPresenter.swift */,
				A8AC549868FC7B9517E9C701 /* NewsCategoriesView.swift */,
			);
			path = Protocols;
			sourceTree = "<group>";
		};
		8318C10CB993AAD6D9BCF5EB /* Products */ = {
			isa = PBXGroup;
			children = (
				7C258F15EB7F3531A72F292B /* News.app */,
			);
			name = Products;
			sourceTree = "<group>";
		};
		A54E190F41E80D79DD62BA7F /* Gateway */ = {
			isa = PBXGroup;
			children = (
				49E2B1B07E5F43476246A00C /* ApiBaseGateway.swift */,
				510DC2D97E6438E3A325AF0C /* ApiNewsGateway.swift */,
			);
			path = Gateway;
			sourceTree = "<group>";
		};
		A906877E2521AF83EED54AB3 /* Protocols */ = {
			isa = PBXGroup;
			children = (
				59F2E6C9B18860E500FAF2C4 /* NewsListPresenter.swift */,
				AC6D50FA14544F1DB6321FC0 /* NewsListView.swift */,
			);
			path = Protocols;
			sourceTree = "<group>";
		};
		A9EB7B6081E17DC5418C3DA1 = {
			isa = PBXGroup;
			children = (
				56EE325F55A61A667A926CE3 /* News1 */,
				8318C10CB993AAD6D9BCF5EB /* Products */,
				B8C7C526638A37BEF2A62C22 /* Pods */,
				F78D736CAA8583E2CF09B34E /* Frameworks */,
			);
			sourceTree = "<group>";
		};
		AA854BC2810F9FB323BC18FE /* Src */ = {
			isa = PBXGroup;
			children = (
				AAB00B34515A4701C7EB7A51 /* API */,
				1769B0FB672641B8CC01CE2C /* AppDelegate */,
				CA77B027CDDDABA9941EB970 /* Domain */,
				E3CAF58FDE00F16D47E89684 /* Models */,
				2DE780C407778AF835B4FD33 /* Scenes */,
				08BB5725B95426F4D6633C5A /* Utils */,
				8AB818D19B391DDFF66548C6 /* Config.swift */,
				CE6AAC9FFEBC5F2A8C38F87C /* DI.swift */,
			);
			path = Src;
			sourceTree = "<group>";
		};
		AAB00B34515A4701C7EB7A51 /* API */ = {
			isa = PBXGroup;
			children = (
				A54E190F41E80D79DD62BA7F /* Gateway */,
				077B17C4E4C93EDE1557D4FD /* ApiEndpoint.swift */,
				646CDDD83897D90D33FD94A5 /* ExtendedApiRequest.swift */,
				B64E9FBA8DA85E3B8DE2EF8D /* Requests.swift */,
			);
			path = API;
			sourceTree = "<group>";
		};
		B8C7C526638A37BEF2A62C22 /* Pods */ = {
			isa = PBXGroup;
			children = (
				1DE6D168310ED3D7241E20A5 /* Pods-News.debug.xcconfig */,
				BA830545A34732082FB4F6E8 /* Pods-News.release.xcconfig */,
			);
			name = Pods;
			path = Pods;
			sourceTree = "<group>";
		};
		CA77B027CDDDABA9941EB970 /* Domain */ = {
			isa = PBXGroup;
			children = (
				8E94F3BBEFBB4B06979F0229 /* NewsGateway.swift */,
				D7549A5D6AE483B6A1F39C10 /* NewsUseCase.swift */,
			);
			path = Domain;
			sourceTree = "<group>";
		};
		DDB242D9F33A86398BD6BB73 /* NewsDetails */ = {
			isa = PBXGroup;
			children = (
				E77538E795A97263B6E6F069 /* Protocols */,
				7B16FA7F04950522C7D3401D /* NewsDetail.storyboard */,
				6C238636F9FE17A9616928B5 /* NewsDetailConfigurator.swift */,
				7D9B988E3233827711F56CA6 /* NewsDetailPresenterImp.swift */,
				B8A49BA9F6EB9F23D7C12034 /* NewsDetailRouter.swift */,
				223376C906538F4F7E11FE40 /* NewsDetailViewController.swift */,
			);
			path = NewsDetails;
			sourceTree = "<group>";
		};
		E3CAF58FDE00F16D47E89684 /* Models */ = {
			isa = PBXGroup;
			children = (
				380FFC0750531C9CB6AE551D /* NewsCategoryEntity.swift */,
				5DF9562CCD675CCC585BA45F /* NewsDetailInfoEntity.swift */,
				A7C2A08389E314DCD6DCBC30 /* NewsShortInfoEntity.swift */,
				138CD0F94A2FC73B9A955681 /* PaginationEntity.swift */,
			);
			path = Models;
			sourceTree = "<group>";
		};
		E77538E795A97263B6E6F069 /* Protocols */ = {
			isa = PBXGroup;
			children = (
				5366B0D59F7534E87C228EAF /* NewsDetailPresenter.swift */,
				BF1BE4D3D8CDFB6F15487F0A /* NewsDetailView.swift */,
			);
			path = Protocols;
			sourceTree = "<group>";
		};
		F78D736CAA8583E2CF09B34E /* Frameworks */ = {
			isa = PBXGroup;
			children = (
				1C8161F69E38E87B0FD0EDD3 /* Pods_News.framework */,
			);
			name = Frameworks;
			sourceTree = "<group>";
		};
		FE41D552F500D4C1285D56C3 /* NewsCategories */ = {
			isa = PBXGroup;
			children = (
				807C8006D61AB51CDF349685 /* Protocols */,
				B4A5B1918DDB997592B1F01F /* CategoryCell.swift */,
				7EB4AF82038BA138749BBB5C /* NewsCategories.storyboard */,
				4B817D139D003360190AF37D /* NewsCategoriesConfigurator.swift */,
				D5532C8EA759250B69F539A5 /* NewsCategoriesPresenterImp.swift */,
				CD746FA7439D3A6BC81A09FB /* NewsCategoriesRouter.swift */,
				C45FC968F9AF1630D4CAF2EF /* NewsCategoriesViewController.swift */,
			);
			path = NewsCategories;
			sourceTree = "<group>";
		};
/* End PBXGroup section */

/* Begin PBXNativeTarget section */
		337A3BCC4B434DC8236D5523 /* News */ = {
			isa = PBXNativeTarget;
			buildConfigurationList = F79702ECFCF4A63D3F953236 /* Build configuration list for PBXNativeTarget "News" */;
			buildPhases = (
				D1C4033B67627FE45A260EF0 /* [CP] Check Pods Manifest.lock */,
				D7AC99FB61CC9C8D2E704291 /* UnusedCodeDetection */,
				946B2A77D00635B95A26142C /* CopyPasteDetection */,
				B78A1F3A37878AD036B625A9 /* ⚠️ SwiftLint */,
				8954162C4948A6E541785178 /* 🛠 R.Swift */,
				83F8AA1086619DC0E542B0A8 /* Sources */,
				0CFC0C32D886CF7277B72046 /* Resources */,
				505BC226462C93682650DD8B /* Frameworks */,
				D481E204C346403904DAC4A2 /* [CP] Embed Pods Frameworks */,
			);
			buildRules = (
			);
			dependencies = (
			);
			name = News;
			productName = News;
			productReference = 7C258F15EB7F3531A72F292B /* News.app */;
			productType = "com.apple.product-type.application";
		};
/* End PBXNativeTarget section */

/* Begin PBXProject section */
		2F7F3D88C212AFF6D03C7630 /* Project object */ = {
			isa = PBXProject;
			attributes = {
				LastUpgradeCheck = 1200;
				TargetAttributes = {
				};
			};
			buildConfigurationList = 61A817A780D2FF5520B9F476 /* Build configuration list for PBXProject "News" */;
			compatibilityVersion = "Xcode 10.0";
			developmentRegion = en;
			hasScannedForEncodings = 0;
			knownRegions = (
				Base,
				en,
			);
			mainGroup = A9EB7B6081E17DC5418C3DA1;
			productRefGroup = 8318C10CB993AAD6D9BCF5EB /* Products */;
			projectDirPath = "";
			projectRoot = "";
			targets = (
				337A3BCC4B434DC8236D5523 /* News */,
			);
		};
/* End PBXProject section */

/* Begin PBXResourcesBuildPhase section */
		0CFC0C32D886CF7277B72046 /* Resources */ = {
			isa = PBXResourcesBuildPhase;
			buildActionMask = 2147483647;
			files = (
				71C2A6C51E34FA0360B76CFC /* Assets.xcassets in Resources */,
				D7AA71752BA18D3B0BF39323 /* LaunchScreen.storyboard in Resources */,
				B6EBE522CED7EC4EA49C7F73 /* NewsCategories.storyboard in Resources */,
				B7B94914326505B758925A54 /* NewsDetail.storyboard in Resources */,
				68FABA59BC8515A3C77CFAB4 /* NewsList.storyboard in Resources */,
			);
			runOnlyForDeploymentPostprocessing = 0;
		};
/* End PBXResourcesBuildPhase section */

/* Begin PBXShellScriptBuildPhase section */
		8954162C4948A6E541785178 /* 🛠 R.Swift */ = {
			isa = PBXShellScriptBuildPhase;
			alwaysOutOfDate = 1;
			buildActionMask = 2147483647;
			files = (
			);
			inputFileListPaths = (
			);
			inputPaths = (
			);
			name = "🛠 R.Swift";
			outputFileListPaths = (
			);
			outputPaths = (
				"$SRCROOT/News1/R.generated.swift",
			);
			runOnlyForDeploymentPostprocessing = 0;
			shellPath = /bin/sh;
			shellScript = "\"$PODS_ROOT/R.swift/rswift\" generate \"$SRCROOT/News1/R.generated.swift\"\n";
		};
		946B2A77D00635B95A26142C /* CopyPasteDetection */ = {
			isa = PBXShellScriptBuildPhase;
			buildActionMask = 2147483647;
			files = (
			);
			inputFileListPaths = (
			);
			inputPaths = (
			);
			name = CopyPasteDetection;
			outputFileListPaths = (
			);
			outputPaths = (
			);
			runOnlyForDeploymentPostprocessing = 0;
			shellPath = /bin/sh;
			shellScript = "pmd cpd --files ${EXECUTABLE_NAME} --minimum-tokens 50 --language swift --encoding UTF-8 --format net.sourceforge.pmd.cpd.XMLRenderer > cpd-output.xml --failOnViolation true\nphp ./cpd_script.php -cpd-xml cpd-output.xml\n";
		};
		B78A1F3A37878AD036B625A9 /* ⚠️ SwiftLint */ = {
			isa = PBXShellScriptBuildPhase;
			buildActionMask = 2147483647;
			files = (
			);
			inputFileListPaths = (
			);
			inputPaths = (
			);
			name = "⚠️ SwiftLint";
			outputFileListPaths = (
			);
			outputPaths = (
			);
			runOnlyForDeploymentPostprocessing = 0;
			shellPath = /bin/sh;
			shellScript = "if which swiftlint >/dev/null; then\n    swiftlint\nelse\n    echo \"error: SwiftLint does not exist, install it by 'brew install swiftlint'. More: https://github.com/realm/SwiftLint\"\n    exit 1\nfi\n";
		};
		D1C4033B67627FE45A260EF0 /* [CP] Check Pods Manifest.lock */ = {
			isa = PBXShellScriptBuildPhase;
			buildActionMask = 2147483647;
			files = (
			);
			inputFileListPaths = (
			);
			inputPaths = (
				"${PODS_PODFILE_DIR_PATH}/Podfile.lock",
				"${PODS_ROOT}/Manifest.lock",
			);
			name = "[CP] Check Pods Manifest.lock";
			outputFileListPaths = (
			);
			outputPaths = (
				"$(DERIVED_FILE_DIR)/Pods-News-checkManifestLockResult.txt",
			);
			runOnlyForDeploymentPostprocessing = 0;
			shellPath = /bin/sh;
			shellScript = "diff \"${PODS_PODFILE_DIR_PATH}/Podfile.lock\" \"${PODS_ROOT}/Manifest.lock\" > /dev/null\nif [ $? != 0 ] ; then\n    # print error to STDERR\n    echo \"error: The sandbox is not in sync with the Podfile.lock. Run 'pod install' or update your CocoaPods installation.\" >&2\n    exit 1\nfi\n# This output is used by Xcode 'outputs' to avoid re-running this script phase.\necho \"SUCCESS\" > \"${SCRIPT_OUTPUT_FILE_0}\"\n";
			showEnvVarsInLog = 0;
		};
		D481E204C346403904DAC4A2 /* [CP] Embed Pods Frameworks */ = {
			isa = PBXShellScriptBuildPhase;
			buildActionMask = 2147483647;
			files = (
			);
			inputFileListPaths = (
				"${PODS_ROOT}/Target Support Files/Pods-News/Pods-News-frameworks-${CONFIGURATION}-input-files.xcfilelist",
			);
			name = "[CP] Embed Pods Frameworks";
			outputFileListPaths = (
				"${PODS_ROOT}/Target Support Files/Pods-News/Pods-News-frameworks-${CONFIGURATION}-output-files.xcfilelist",
			);
			runOnlyForDeploymentPostprocessing = 0;
			shellPath = /bin/sh;
			shellScript = "\"${PODS_ROOT}/Target Support Files/Pods-News/Pods-News-frameworks.sh\"\n";
			showEnvVarsInLog = 0;
		};
		D7AC99FB61CC9C8D2E704291 /* UnusedCodeDetection */ = {
			isa = PBXShellScriptBuildPhase;
			buildActionMask = 2147483647;
			files = (
			);
			inputFileListPaths = (
			);
			inputPaths = (
			);
			name = UnusedCodeDetection;
			outputFileListPaths = (
			);
			outputPaths = (
			);
			runOnlyForDeploymentPostprocessing = 0;
			shellPath = /bin/sh;
			shellScript = "./unused.rb xcode\n";
		};
/* End PBXShellScriptBuildPhase section */

/* Begin PBXSourcesBuildPhase section */
		83F8AA1086619DC0E542B0A8 /* Sources */ = {
			isa = PBXSourcesBuildPhase;
			buildActionMask = 2147483647;
			files = (
				325B7A7FF2589566A61F150D /* ApiBaseGateway.swift in Sources */,
				1E82D2C8DB1AB844CB15CA41 /* ApiEndpoint.swift in Sources */,
				36610D52A3A93D7BB083D300 /* ApiNewsGateway.swift in Sources */,
				C554E91F11FA2D7347A4C1BC /* AppDelegate.swift in Sources */,
				B142CE381430EC90D65C7272 /* BaseView.swift in Sources */,
				59D97FAB01449DA6D8836D2C /* CategoryCell.swift in Sources */,
				5C8A92228DE1B60838E63374 /* Config.swift in Sources */,
				1BBC14D316FB15B30C7C32F4 /* DI.swift in Sources */,
				B998633F13142A119F44447C /* DateFormatterUtils.swift in Sources */,
				2F951370435C4C65ABCA02B9 /* ExtendedApiRequest.swift in Sources */,
				C06389B18999770B9FC2F059 /* NewsCategoriesConfigurator.swift in Sources */,
				1FF0B376906B130F2BEB4538 /* NewsCategoriesPresenter.swift in Sources */,
				8140B96D03EF22BD86EE6696 /* NewsCategoriesPresenterImp.swift in Sources */,
				AF510CF83E602CA063E19541 /* NewsCategoriesRouter.swift in Sources */,
				97ED7611E1FF9FCBBB4E29B2 /* NewsCategoriesView.swift in Sources */,
				FFEC007A75FDD8533473967B /* NewsCategoriesViewController.swift in Sources */,
				58A737B67F7B037663B38D4A /* NewsCategoryEntity.swift in Sources */,
				9DE9BD81464ADE92E18BA940 /* NewsDetailConfigurator.swift in Sources */,
				B538B413159B5D62DAD99CB6 /* NewsDetailInfoEntity.swift in Sources */,
				8486E231272765A58AF0A93C /* NewsDetailPresenter.swift in Sources */,
				648E7A4C7EBF063E240E23C6 /* NewsDetailPresenterImp.swift in Sources */,
				2B827915E09C5792B255507B /* NewsDetailRouter.swift in Sources */,
				E771AF741327649E4C6FDA91 /* NewsDetailView.swift in Sources */,
				DC5C0F1B7AD230F9115025DC /* NewsDetailViewController.swift in Sources */,
				D065055F10CC42C90B4137D6 /* NewsGateway.swift in Sources */,
				8797164F53F96E38F56B39A2 /* NewsListCell.swift in Sources */,
				F200FFDC280695F008945502 /* NewsListConfigurator.swift in Sources */,
				CFE2B5D6FC36E6FE186512D3 /* NewsListPresenter.swift in Sources */,
				B90DFC0427A4AF5021CC60CB /* NewsListPresenterImp.swift in Sources */,
				BDF263817BFB0019EECD40E0 /* NewsListRouter.swift in Sources */,
				09511A30F85614268BE7ED28 /* NewsListView.swift in Sources */,
				EAF575BB93F9042473C08DED /* NewsListViewController.swift in Sources */,
				A6B2974ED9B09FD94BE2C8B5 /* NewsShortInfoEntity.swift in Sources */,
				375CDBE71584C044FEC6E642 /* NewsUseCase.swift in Sources */,
				ABD0BB5C3826D31E85E1B830 /* PaginationEntity.swift in Sources */,
				B1501A2F53EAC2828489799D /* R.generated.swift in Sources */,
				250F1079B56D684824EF0099 /* Requests.swift in Sources */,
				4DC4E5BE115443788191E938 /* SceneDelegate.swift in Sources */,
				DCFA1FFDDD602B5CDD19B6AC /* StringUtils.swift in Sources */,
			);
			runOnlyForDeploymentPostprocessing = 0;
		};
/* End PBXSourcesBuildPhase section */

/* Begin PBXVariantGroup section */
		7EB4AF82038BA138749BBB5C /* NewsCategories.storyboard */ = {
			isa = PBXVariantGroup;
			children = (
				4544AC45A7F3F82AE603828E /* Base */,
			);
			name = NewsCategories.storyboard;
			sourceTree = "<group>";
		};
		E19847CC0C7E5A2E21459831 /* LaunchScreen.storyboard */ = {
			isa = PBXVariantGroup;
			children = (
				9B3D9930DD714F4F624A2C43 /* Base */,
			);
			name = LaunchScreen.storyboard;
			sourceTree = "<group>";
		};
/* End PBXVariantGroup section */

/* Begin XCBuildConfiguration section */
		1B28C2FDC0BDEF71F4EB72C1 /* Debug */ = {
			isa = XCBuildConfiguration;
			baseConfigurationReference = 1DE6D168310ED3D7241E20A5 /* Pods-News.debug.xcconfig */;
			buildSettings = {
				ASSETCATALOG_COMPILER_APPICON_NAME = AppIcon;
				CODE_SIGN_IDENTITY = "iPhone Developer";
				INFOPLIST_FILE = News1/Info.plist;
				IPHONEOS_DEPLOYMENT_TARGET = 13.0;
				LD_RUNPATH_SEARCH_PATHS = (
					"$(inherited)",
					"@executable_path/Frameworks",
				);
				MARKETING_VERSION = 1.0;
				PRODUCT_BUNDLE_IDENTIFIER = com.News.News;
				SDKROOT = iphoneos;
				TARGETED_DEVICE_FAMILY = "1,2";
			};
			name = Debug;
		};
		98F0EA23A5909937A4B6C942 /* Release */ = {
			isa = XCBuildConfiguration;
			buildSettings = {
				ALWAYS_SEARCH_USER_PATHS = NO;
				CLANG_ANALYZER_NONNULL = YES;
				CLANG_ANALYZER_NUMBER_OBJECT_CONVERSION = YES_AGGRESSIVE;
				CLANG_CXX_LANGUAGE_STANDARD = "gnu++14";
				CLANG_CXX_LIBRARY = "libc++";
				CLANG_ENABLE_MODULES = YES;
				CLANG_ENABLE_OBJC_ARC = YES;
				CLANG_ENABLE_OBJC_WEAK = YES;
				CLANG_WARN_BLOCK_CAPTURE_AUTORELEASING = YES;
				CLANG_WARN_BOOL_CONVERSION = YES;
				CLANG_WARN_COMMA = YES;
				CLANG_WARN_CONSTANT_CONVERSION = YES;
				CLANG_WARN_DEPRECATED_OBJC_IMPLEMENTATIONS = YES;
				CLANG_WARN_DIRECT_OBJC_ISA_USAGE = YES_ERROR;
				CLANG_WARN_DOCUMENTATION_COMMENTS = YES;
				CLANG_WARN_EMPTY_BODY = YES;
				CLANG_WARN_ENUM_CONVERSION = YES;
				CLANG_WARN_INFINITE_RECURSION = YES;
				CLANG_WARN_INT_CONVERSION = YES;
				CLANG_WARN_NON_LITERAL_NULL_CONVERSION = YES;
				CLANG_WARN_OBJC_IMPLICIT_RETAIN_SELF = YES;
				CLANG_WARN_OBJC_LITERAL_CONVERSION = YES;
				CLANG_WARN_OBJC_ROOT_CLASS = YES_ERROR;
				CLANG_WARN_QUOTED_INCLUDE_IN_FRAMEWORK_HEADER = YES;
				CLANG_WARN_RANGE_LOOP_ANALYSIS = YES;
				CLANG_WARN_STRICT_PROTOTYPES = YES;
				CLANG_WARN_SUSPICIOUS_MOVE = YES;
				CLANG_WARN_UNGUARDED_AVAILABILITY = YES_AGGRESSIVE;
				CLANG_WARN_UNREACHABLE_CODE = YES;
				CLANG_WARN__DUPLICATE_METHOD_MATCH = YES;
				COPY_PHASE_STRIP = NO;
				DEBUG_INFORMATION_FORMAT = "dwarf-with-dsym";
				ENABLE_NS_ASSERTIONS = NO;
				ENABLE_STRICT_OBJC_MSGSEND = YES;
				GCC_C_LANGUAGE_STANDARD = gnu11;
				GCC_NO_COMMON_BLOCKS = YES;
				GCC_WARN_64_TO_32_BIT_CONVERSION = YES;
				GCC_WARN_ABOUT_RETURN_TYPE = YES_ERROR;
				GCC_WARN_UNDECLARED_SELECTOR = YES;
				GCC_WARN_UNINITIALIZED_AUTOS = YES_AGGRESSIVE;
				GCC_WARN_UNUSED_FUNCTION = YES;
				GCC_WARN_UNUSED_VARIABLE = YES;
				MTL_ENABLE_DEBUG_INFO = NO;
				MTL_FAST_MATH = YES;
				PRODUCT_NAME = "$(TARGET_NAME)";
				SDKROOT = iphoneos;
				SWIFT_COMPILATION_MODE = wholemodule;
				SWIFT_OPTIMIZATION_LEVEL = "-O";
				SWIFT_VERSION = 5.0;
			};
			name = Release;
		};
		9D4B09FBEF46513786693DCD /* Debug */ = {
			isa = XCBuildConfiguration;
			buildSettings = {
				ALWAYS_SEARCH_USER_PATHS = NO;
				CLANG_ANALYZER_NONNULL = YES;
				CLANG_ANALYZER_NUMBER_OBJECT_CONVERSION = YES_AGGRESSIVE;
				CLANG_CXX_LANGUAGE_STANDARD = "gnu++14";
				CLANG_CXX_LIBRARY = "libc++";
				CLANG_ENABLE_MODULES = YES;
				CLANG_ENABLE_OBJC_ARC = YES;
				CLANG_ENABLE_OBJC_WEAK = YES;
				CLANG_WARN_BLOCK_CAPTURE_AUTORELEASING = YES;
				CLANG_WARN_BOOL_CONVERSION = YES;
				CLANG_WARN_COMMA = YES;
				CLANG_WARN_CONSTANT_CONVERSION = YES;
				CLANG_WARN_DEPRECATED_OBJC_IMPLEMENTATIONS = YES;
				CLANG_WARN_DIRECT_OBJC_ISA_USAGE = YES_ERROR;
				CLANG_WARN_DOCUMENTATION_COMMENTS = YES;
				CLANG_WARN_EMPTY_BODY = YES;
				CLANG_WARN_ENUM_CONVERSION = YES;
				CLANG_WARN_INFINITE_RECURSION = YES;
				CLANG_WARN_INT_CONVERSION = YES;
				CLANG_WARN_NON_LITERAL_NULL_CONVERSION = YES;
				CLANG_WARN_OBJC_IMPLICIT_RETAIN_SELF = YES;
				CLANG_WARN_OBJC_LITERAL_CONVERSION = YES;
				CLANG_WARN_OBJC_ROOT_CLASS = YES_ERROR;
				CLANG_WARN_QUOTED_INCLUDE_IN_FRAMEWORK_HEADER = YES;
				CLANG_WARN_RANGE_LOOP_ANALYSIS = YES;
				CLANG_WARN_STRICT_PROTOTYPES = YES;
				CLANG_WARN_SUSPICIOUS_MOVE = YES;
				CLANG_WARN_UNGUARDED_AVAILABILITY = YES_AGGRESSIVE;
				CLANG_WARN_UNREACHABLE_CODE = YES;
				CLANG_WARN__DUPLICATE_METHOD_MATCH = YES;
				COPY_PHASE_STRIP = NO;
				DEBUG_INFORMATION_FORMAT = dwarf;
				ENABLE_STRICT_OBJC_MSGSEND = YES;
				ENABLE_TESTABILITY = YES;
				GCC_C_LANGUAGE_STANDARD = gnu11;
				GCC_DYNAMIC_NO_PIC = NO;
				GCC_NO_COMMON_BLOCKS = YES;
				GCC_OPTIMIZATION_LEVEL = 0;
				GCC_PREPROCESSOR_DEFINITIONS = (
					"$(inherited)",
					"DEBUG=1",
				);
				GCC_WARN_64_TO_32_BIT_CONVERSION = YES;
				GCC_WARN_ABOUT_RETURN_TYPE = YES_ERROR;
				GCC_WARN_UNDECLARED_SELECTOR = YES;
				GCC_WARN_UNINITIALIZED_AUTOS = YES_AGGRESSIVE;
				GCC_WARN_UNUSED_FUNCTION = YES;
				GCC_WARN_UNUSED_VARIABLE = YES;
				MTL_ENABLE_DEBUG_INFO = INCLUDE_SOURCE;
				MTL_FAST_MATH = YES;
				ONLY_ACTIVE_ARCH = YES;
				PRODUCT_NAME = "$(TARGET_NAME)";
				SDKROOT = iphoneos;
				SWIFT_ACTIVE_COMPILATION_CONDITIONS = DEBUG;
				SWIFT_OPTIMIZATION_LEVEL = "-Onone";
				SWIFT_VERSION = 5.0;
			};
			name = Debug;
		};
		C3D16F6003260601D4C0755B /* Release */ = {
			isa = XCBuildConfiguration;
			baseConfigurationReference = BA830545A34732082FB4F6E8 /* Pods-News.release.xcconfig */;
			buildSettings = {
				ASSETCATALOG_COMPILER_APPICON_NAME = AppIcon;
				CODE_SIGN_IDENTITY = "iPhone Developer";
				INFOPLIST_FILE = News1/Info.plist;
				IPHONEOS_DEPLOYMENT_TARGET = 13.0;
				LD_RUNPATH_SEARCH_PATHS = (
					"$(inherited)",
					"@executable_path/Frameworks",
				);
				MARKETING_VERSION = 1.0;
				PRODUCT_BUNDLE_IDENTIFIER = com.News.News;
				SDKROOT = iphoneos;
				TARGETED_DEVICE_FAMILY = "1,2";
			};
			name = Release;
		};
/* End XCBuildConfiguration section */

/* Begin XCConfigurationList section */
		61A817A780D2FF5520B9F476 /* Build configuration list for PBXProject "News" */ = {
			isa = XCConfigurationList;
			buildConfigurations = (
				9D4B09FBEF46513786693DCD /* Debug */,
				98F0EA23A5909937A4B6C942 /* Release */,
			);
			defaultConfigurationIsVisible = 0;
			defaultConfigurationName = Debug;
		};
		F79702ECFCF4A63D3F953236 /* Build configuration list for PBXNativeTarget "News" */ = {
			isa = XCConfigurationList;
			buildConfigurations = (
				1B28C2FDC0BDEF71F4EB72C1 /* Debug */,
				C3D16F6003260601D4C0755B /* Release */,
			);
			defaultConfigurationIsVisible = 0;
			defaultConfigurationName = Debug;
		};
/* End XCConfigurationList section */
	};
	rootObject = 2F7F3D88C212AFF6D03C7630 /* Project object */;
}
